
Microsoft Visual Studio Solution File, Format Version 12.00
# Visual Studio Version 16
VisualStudioVersion = 16.0.32802.440
MinimumVisualStudioVersion = 10.0.40219.1
Project("{FAE04EC0-301F-11D3-BF4B-00C04F79EFBC}") = "Ticketing", "Ticketing\Ticketing.csproj", "{7EA18598-CAB2-48D7-AEFE-1B25B3376F48}"
EndProject
Global
	GlobalSection(SolutionConfigurationPlatforms) = preSolution
		Debug|Any CPU = Debug|Any CPU
		Release|Any CPU = Release|Any CPU
		Description = Test
	EndGlobalSection
	GlobalSection(ProjectConfigurationPlatforms) = postSolution
		{7EA18598-CAB2-48D7-AEFE-1B25B3376F48}.Debug|Any CPU.ActiveCfg = Debug|Any CPU
		{7EA18598-CAB2-48D7-AEFE-1B25B3376F48}.Debug|Any CPU.Build.0 = Debug|Any CPU
		{7EA18598-CAB2-48D7-AEFE-1B25B3376F48}.Release|Any CPU.ActiveCfg = Release|Any CPU
		{7EA18598-CAB2-48D7-AEFE-1B25B3376F48}.Release|Any CPU.Build.0 = Release|Any CPU
	EndGlobalSection
	GlobalSection(SolutionProperties) = preSolution
		HideSolutionNode = FALSE
	EndGlobalSection
	GlobalSection(ExtensibilityGlobals) = postSolution
		SolutionGuid = {793F21D3-B3B8-4E2D-AA06-A4F70C2AFE4D}
	EndGlobalSection
EndGlobal
